// !$*UTF8*$!
{
	archiveVersion = 1;
	classes = {
	};
	objectVersion = 50;
	objects = {

/* Begin PBXBuildFile section */
		908E3A362587205B00AAFFFD /* AppDelegate.swift in Sources */ = {isa = PBXBuildFile; fileRef = 908E3A352587205B00AAFFFD /* AppDelegate.swift */; };
		908E3A3B2587205B00AAFFFD /* Main.storyboard in Resources */ = {isa = PBXBuildFile; fileRef = 908E3A392587205B00AAFFFD /* Main.storyboard */; };
		908E3A3D2587205C00AAFFFD /* Assets.xcassets in Resources */ = {isa = PBXBuildFile; fileRef = 908E3A3C2587205C00AAFFFD /* Assets.xcassets */; };
		908E3A402587205C00AAFFFD /* LaunchScreen.storyboard in Resources */ = {isa = PBXBuildFile; fileRef = 908E3A3E2587205C00AAFFFD /* LaunchScreen.storyboard */; };
		908E3A4B2587205C00AAFFFD /* flixsterTests.swift in Sources */ = {isa = PBXBuildFile; fileRef = 908E3A4A2587205C00AAFFFD /* flixsterTests.swift */; };
		908E3A562587205C00AAFFFD /* flixsterUITests.swift in Sources */ = {isa = PBXBuildFile; fileRef = 908E3A552587205C00AAFFFD /* flixsterUITests.swift */; };
		908E3A64258721CE00AAFFFD /* MoviesViewController.swift in Sources */ = {isa = PBXBuildFile; fileRef = 908E3A63258721CE00AAFFFD /* MoviesViewController.swift */; };
		908E3A662587318200AAFFFD /* MovieCell.swift in Sources */ = {isa = PBXBuildFile; fileRef = 908E3A652587318200AAFFFD /* MovieCell.swift */; };
/* End PBXBuildFile section */

/* Begin PBXContainerItemProxy section */
		908E3A472587205C00AAFFFD /* PBXContainerItemProxy */ = {
			isa = PBXContainerItemProxy;
			containerPortal = 908E3A2A2587205A00AAFFFD /* Project object */;
			proxyType = 1;
			remoteGlobalIDString = 908E3A312587205A00AAFFFD;
			remoteInfo = flixster;
		};
		908E3A522587205C00AAFFFD /* PBXContainerItemProxy */ = {
			isa = PBXContainerItemProxy;
			containerPortal = 908E3A2A2587205A00AAFFFD /* Project object */;
			proxyType = 1;
			remoteGlobalIDString = 908E3A312587205A00AAFFFD;
			remoteInfo = flixster;
		};
/* End PBXContainerItemProxy section */

/* Begin PBXFileReference section */
		908E3A322587205B00AAFFFD /* flixster.app */ = {isa = PBXFileReference; explicitFileType = wrapper.application; includeInIndex = 0; path = flixster.app; sourceTree = BUILT_PRODUCTS_DIR; };
		908E3A352587205B00AAFFFD /* AppDelegate.swift */ = {isa = PBXFileReference; lastKnownFileType = sourcecode.swift; path = AppDelegate.swift; sourceTree = "<group>"; };
		908E3A3A2587205B00AAFFFD /* Base */ = {isa = PBXFileReference; lastKnownFileType = file.storyboard; name = Base; path = Base.lproj/Main.storyboard; sourceTree = "<group>"; };
		908E3A3C2587205C00AAFFFD /* Assets.xcassets */ = {isa = PBXFileReference; lastKnownFileType = folder.assetcatalog; path = Assets.xcassets; sourceTree = "<group>"; };
		908E3A3F2587205C00AAFFFD /* Base */ = {isa = PBXFileReference; lastKnownFileType = file.storyboard; name = Base; path = Base.lproj/LaunchScreen.storyboard; sourceTree = "<group>"; };
		908E3A412587205C00AAFFFD /* Info.plist */ = {isa = PBXFileReference; lastKnownFileType = text.plist.xml; path = Info.plist; sourceTree = "<group>"; };
		908E3A462587205C00AAFFFD /* flixsterTests.xctest */ = {isa = PBXFileReference; explicitFileType = wrapper.cfbundle; includeInIndex = 0; path = flixsterTests.xctest; sourceTree = BUILT_PRODUCTS_DIR; };
		908E3A4A2587205C00AAFFFD /* flixsterTests.swift */ = {isa = PBXFileReference; lastKnownFileType = sourcecode.swift; path = flixsterTests.swift; sourceTree = "<group>"; };
		908E3A4C2587205C00AAFFFD /* Info.plist */ = {isa = PBXFileReference; lastKnownFileType = text.plist.xml; path = Info.plist; sourceTree = "<group>"; };
		908E3A512587205C00AAFFFD /* flixsterUITests.xctest */ = {isa = PBXFileReference; explicitFileType = wrapper.cfbundle; includeInIndex = 0; path = flixsterUITests.xctest; sourceTree = BUILT_PRODUCTS_DIR; };
		908E3A552587205C00AAFFFD /* flixsterUITests.swift */ = {isa = PBXFileReference; lastKnownFileType = sourcecode.swift; path = flixsterUITests.swift; sourceTree = "<group>"; };
		908E3A572587205C00AAFFFD /* Info.plist */ = {isa = PBXFileReference; lastKnownFileType = text.plist.xml; path = Info.plist; sourceTree = "<group>"; };
		908E3A63258721CE00AAFFFD /* MoviesViewController.swift */ = {isa = PBXFileReference; lastKnownFileType = sourcecode.swift; path = MoviesViewController.swift; sourceTree = "<group>"; };
		908E3A652587318200AAFFFD /* MovieCell.swift */ = {isa = PBXFileReference; lastKnownFileType = sourcecode.swift; path = MovieCell.swift; sourceTree = "<group>"; };
/* End PBXFileReference section */

/* Begin PBXFrameworksBuildPhase section */
		908E3A2F2587205A00AAFFFD /* Frameworks */ = {
			isa = PBXFrameworksBuildPhase;
			buildActionMask = 2147483647;
			files = (
			);
			runOnlyForDeploymentPostprocessing = 0;
		};
		908E3A432587205C00AAFFFD /* Frameworks */ = {
			isa = PBXFrameworksBuildPhase;
			buildActionMask = 2147483647;
			files = (
			);
			runOnlyForDeploymentPostprocessing = 0;
		};
		908E3A4E2587205C00AAFFFD /* Frameworks */ = {
			isa = PBXFrameworksBuildPhase;
			buildActionMask = 2147483647;
			files = (
			);
			runOnlyForDeploymentPostprocessing = 0;
		};
/* End PBXFrameworksBuildPhase section */

/* Begin PBXGroup section */
		908E3A292587205A00AAFFFD = {
			isa = PBXGroup;
			children = (
				908E3A342587205B00AAFFFD /* flixster */,
				908E3A492587205C00AAFFFD /* flixsterTests */,
				908E3A542587205C00AAFFFD /* flixsterUITests */,
				908E3A332587205B00AAFFFD /* Products */,
			);
			sourceTree = "<group>";
		};
		908E3A332587205B00AAFFFD /* Products */ = {
			isa = PBXGroup;
			children = (
				908E3A322587205B00AAFFFD /* flixster.app */,
				908E3A462587205C00AAFFFD /* flixsterTests.xctest */,
				908E3A512587205C00AAFFFD /* flixsterUITests.xctest */,
			);
			name = Products;
			sourceTree = "<group>";
		};
		908E3A342587205B00AAFFFD /* flixster */ = {
			isa = PBXGroup;
			children = (
				908E3A352587205B00AAFFFD /* AppDelegate.swift */,
				908E3A392587205B00AAFFFD /* Main.storyboard */,
				908E3A652587318200AAFFFD /* MovieCell.swift */,
				908E3A3C2587205C00AAFFFD /* Assets.xcassets */,
				908E3A3E2587205C00AAFFFD /* LaunchScreen.storyboard */,
				908E3A412587205C00AAFFFD /* Info.plist */,
				908E3A63258721CE00AAFFFD /* MoviesViewController.swift */,
			);
			path = flixster;
			sourceTree = "<group>";
		};
		908E3A492587205C00AAFFFD /* flixsterTests */ = {
			isa = PBXGroup;
			children = (
				908E3A4A2587205C00AAFFFD /* flixsterTests.swift */,
				908E3A4C2587205C00AAFFFD /* Info.plist */,
			);
			path = flixsterTests;
			sourceTree = "<group>";
		};
		908E3A542587205C00AAFFFD /* flixsterUITests */ = {
			isa = PBXGroup;
			children = (
				908E3A552587205C00AAFFFD /* flixsterUITests.swift */,
				908E3A572587205C00AAFFFD /* Info.plist */,
			);
			path = flixsterUITests;
			sourceTree = "<group>";
		};
/* End PBXGroup section */

/* Begin PBXNativeTarget section */
		908E3A312587205A00AAFFFD /* flixster */ = {
			isa = PBXNativeTarget;
			buildConfigurationList = 908E3A5A2587205C00AAFFFD /* Build configuration list for PBXNativeTarget "flixster" */;
			buildPhases = (
				908E3A2E2587205A00AAFFFD /* Sources */,
				908E3A2F2587205A00AAFFFD /* Frameworks */,
				908E3A302587205A00AAFFFD /* Resources */,
			);
			buildRules = (
			);
			dependencies = (
			);
			name = flixster;
			productName = flixster;
			productReference = 908E3A322587205B00AAFFFD /* flixster.app */;
			productType = "com.apple.product-type.application";
		};
		908E3A452587205C00AAFFFD /* flixsterTests */ = {
			isa = PBXNativeTarget;
			buildConfigurationList = 908E3A5D2587205C00AAFFFD /* Build configuration list for PBXNativeTarget "flixsterTests" */;
			buildPhases = (
				908E3A422587205C00AAFFFD /* Sources */,
				908E3A432587205C00AAFFFD /* Frameworks */,
				908E3A442587205C00AAFFFD /* Resources */,
			);
			buildRules = (
			);
			dependencies = (
				908E3A482587205C00AAFFFD /* PBXTargetDependency */,
			);
			name = flixsterTests;
			productName = flixsterTests;
			productReference = 908E3A462587205C00AAFFFD /* flixsterTests.xctest */;
			productType = "com.apple.product-type.bundle.unit-test";
		};
		908E3A502587205C00AAFFFD /* flixsterUITests */ = {
			isa = PBXNativeTarget;
			buildConfigurationList = 908E3A602587205C00AAFFFD /* Build configuration list for PBXNativeTarget "flixsterUITests" */;
			buildPhases = (
				908E3A4D2587205C00AAFFFD /* Sources */,
				908E3A4E2587205C00AAFFFD /* Frameworks */,
				908E3A4F2587205C00AAFFFD /* Resources */,
			);
			buildRules = (
			);
			dependencies = (
				908E3A532587205C00AAFFFD /* PBXTargetDependency */,
			);
			name = flixsterUITests;
			productName = flixsterUITests;
			productReference = 908E3A512587205C00AAFFFD /* flixsterUITests.xctest */;
			productType = "com.apple.product-type.bundle.ui-testing";
		};
/* End PBXNativeTarget section */

/* Begin PBXProject section */
		908E3A2A2587205A00AAFFFD /* Project object */ = {
			isa = PBXProject;
			attributes = {
				LastSwiftUpdateCheck = 1020;
				LastUpgradeCheck = 1020;
				ORGANIZATIONNAME = calren;
				TargetAttributes = {
					908E3A312587205A00AAFFFD = {
						CreatedOnToolsVersion = 10.2.1;
					};
					908E3A452587205C00AAFFFD = {
						CreatedOnToolsVersion = 10.2.1;
						TestTargetID = 908E3A312587205A00AAFFFD;
					};
					908E3A502587205C00AAFFFD = {
						CreatedOnToolsVersion = 10.2.1;
						TestTargetID = 908E3A312587205A00AAFFFD;
					};
				};
			};
			buildConfigurationList = 908E3A2D2587205A00AAFFFD /* Build configuration list for PBXProject "flixster" */;
			compatibilityVersion = "Xcode 9.3";
			developmentRegion = en;
			hasScannedForEncodings = 0;
			knownRegions = (
				en,
				Base,
			);
			mainGroup = 908E3A292587205A00AAFFFD;
			productRefGroup = 908E3A332587205B00AAFFFD /* Products */;
			projectDirPath = "";
			projectRoot = "";
			targets = (
				908E3A312587205A00AAFFFD /* flixster */,
				908E3A452587205C00AAFFFD /* flixsterTests */,
				908E3A502587205C00AAFFFD /* flixsterUITests */,
			);
		};
/* End PBXProject section */

/* Begin PBXResourcesBuildPhase section */
		908E3A302587205A00AAFFFD /* Resources */ = {
			isa = PBXResourcesBuildPhase;
			buildActionMask = 2147483647;
			files = (
				908E3A402587205C00AAFFFD /* LaunchScreen.storyboard in Resources */,
				908E3A3D2587205C00AAFFFD /* Assets.xcassets in Resources */,
				908E3A3B2587205B00AAFFFD /* Main.storyboard in Resources */,
			);
			runOnlyForDeploymentPostprocessing = 0;
		};
		908E3A442587205C00AAFFFD /* Resources */ = {
			isa = PBXResourcesBuildPhase;
			buildActionMask = 2147483647;
			files = (
			);
			runOnlyForDeploymentPostprocessing = 0;
		};
		908E3A4F2587205C00AAFFFD /* Resources */ = {
			isa = PBXResourcesBuildPhase;
			buildActionMask = 2147483647;
			files = (
			);
			runOnlyForDeploymentPostprocessing = 0;
		};
/* End PBXResourcesBuildPhase section */

/* Begin PBXSourcesBuildPhase section */
		908E3A2E2587205A00AAFFFD /* Sources */ = {
			isa = PBXSourcesBuildPhase;
			buildActionMask = 2147483647;
			files = (
				908E3A362587205B00AAFFFD /* AppDelegate.swift in Sources */,
				908E3A64258721CE00AAFFFD /* MoviesViewController.swift in Sources */,
				908E3A662587318200AAFFFD /* MovieCell.swift in Sources */,
			);
			runOnlyForDeploymentPostprocessing = 0;
		};
		908E3A422587205C00AAFFFD /* Sources */ = {
			isa = PBXSourcesBuildPhase;
			buildActionMask = 2147483647;
			files = (
				908E3A4B2587205C00AAFFFD /* flixsterTests.swift in Sources */,
			);
			runOnlyForDeploymentPostprocessing = 0;
		};
		908E3A4D2587205C00AAFFFD /* Sources */ = {
			isa = PBXSourcesBuildPhase;
			buildActionMask = 2147483647;
			files = (
				908E3A562587205C00AAFFFD /* flixsterUITests.swift in Sources */,
			);
			runOnlyForDeploymentPostprocessing = 0;
		};
/* End PBXSourcesBuildPhase section */

/* Begin PBXTargetDependency section */
		908E3A482587205C00AAFFFD /* PBXTargetDependency */ = {
			isa = PBXTargetDependency;
			target = 908E3A312587205A00AAFFFD /* flixster */;
			targetProxy = 908E3A472587205C00AAFFFD /* PBXContainerItemProxy */;
		};
		908E3A532587205C00AAFFFD /* PBXTargetDependency */ = {
			isa = PBXTargetDependency;
			target = 908E3A312587205A00AAFFFD /* flixster */;
			targetProxy = 908E3A522587205C00AAFFFD /* PBXContainerItemProxy */;
		};
/* End PBXTargetDependency section */

/* Begin PBXVariantGroup section */
		908E3A392587205B00AAFFFD /* Main.storyboard */ = {
			isa = PBXVariantGroup;
			children = (
				908E3A3A2587205B00AAFFFD /* Base */,
			);
			name = Main.storyboard;
			sourceTree = "<group>";
		};
		908E3A3E2587205C00AAFFFD /* LaunchScreen.storyboard */ = {
			isa = PBXVariantGroup;
			children = (
				908E3A3F2587205C00AAFFFD /* Base */,
			);
			name = LaunchScreen.storyboard;
			sourceTree = "<group>";
		};
/* End PBXVariantGroup section */

/* Begin XCBuildConfiguration section */
		908E3A582587205C00AAFFFD /* Debug */ = {
			isa = XCBuildConfiguration;
			buildSettings = {
				ALWAYS_SEARCH_USER_PATHS = NO;
				CLANG_ANALYZER_NONNULL = YES;
				CLANG_ANALYZER_NUMBER_OBJECT_CONVERSION = YES_AGGRESSIVE;
				CLANG_CXX_LANGUAGE_STANDARD = "gnu++14";
				CLANG_CXX_LIBRARY = "libc++";
				CLANG_ENABLE_MODULES = YES;
				CLANG_ENABLE_OBJC_ARC = YES;
				CLANG_ENABLE_OBJC_WEAK = YES;
				CLANG_WARN_BLOCK_CAPTURE_AUTORELEASING = YES;
				CLANG_WARN_BOOL_CONVERSION = YES;
				CLANG_WARN_COMMA = YES;
				CLANG_WARN_CONSTANT_CONVERSION = YES;
				CLANG_WARN_DEPRECATED_OBJC_IMPLEMENTATIONS = YES;
				CLANG_WARN_DIRECT_OBJC_ISA_USAGE = YES_ERROR;
				CLANG_WARN_DOCUMENTATION_COMMENTS = YES;
				CLANG_WARN_EMPTY_BODY = YES;
				CLANG_WARN_ENUM_CONVERSION = YES;
				CLANG_WARN_INFINITE_RECURSION = YES;
				CLANG_WARN_INT_CONVERSION = YES;
				CLANG_WARN_NON_LITERAL_NULL_CONVERSION = YES;
				CLANG_WARN_OBJC_IMPLICIT_RETAIN_SELF = YES;
				CLANG_WARN_OBJC_LITERAL_CONVERSION = YES;
				CLANG_WARN_OBJC_ROOT_CLASS = YES_ERROR;
				CLANG_WARN_RANGE_LOOP_ANALYSIS = YES;
				CLANG_WARN_STRICT_PROTOTYPES = YES;
				CLANG_WARN_SUSPICIOUS_MOVE = YES;
				CLANG_WARN_UNGUARDED_AVAILABILITY = YES_AGGRESSIVE;
				CLANG_WARN_UNREACHABLE_CODE = YES;
				CLANG_WARN__DUPLICATE_METHOD_MATCH = YES;
				CODE_SIGN_IDENTITY = "iPhone Developer";
				COPY_PHASE_STRIP = NO;
				DEBUG_INFORMATION_FORMAT = dwarf;
				ENABLE_STRICT_OBJC_MSGSEND = YES;
				ENABLE_TESTABILITY = YES;
				GCC_C_LANGUAGE_STANDARD = gnu11;
				GCC_DYNAMIC_NO_PIC = NO;
				GCC_NO_COMMON_BLOCKS = YES;
				GCC_OPTIMIZATION_LEVEL = 0;
				GCC_PREPROCESSOR_DEFINITIONS = (
					"DEBUG=1",
					"$(inherited)",
				);
				GCC_WARN_64_TO_32_BIT_CONVERSION = YES;
				GCC_WARN_ABOUT_RETURN_TYPE = YES_ERROR;
				GCC_WARN_UNDECLARED_SELECTOR = YES;
				GCC_WARN_UNINITIALIZED_AUTOS = YES_AGGRESSIVE;
				GCC_WARN_UNUSED_FUNCTION = YES;
				GCC_WARN_UNUSED_VARIABLE = YES;
				IPHONEOS_DEPLOYMENT_TARGET = 12.2;
				MTL_ENABLE_DEBUG_INFO = INCLUDE_SOURCE;
				MTL_FAST_MATH = YES;
				ONLY_ACTIVE_ARCH = YES;
				SDKROOT = iphoneos;
				SWIFT_ACTIVE_COMPILATION_CONDITIONS = DEBUG;
				SWIFT_OPTIMIZATION_LEVEL = "-Onone";
			};
			name = Debug;
		};
		908E3A592587205C00AAFFFD /* Release */ = {
			isa = XCBuildConfiguration;
			buildSettings = {
				ALWAYS_SEARCH_USER_PATHS = NO;
				CLANG_ANALYZER_NONNULL = YES;
				CLANG_ANALYZER_NUMBER_OBJECT_CONVERSION = YES_AGGRESSIVE;
				CLANG_CXX_LANGUAGE_STANDARD = "gnu++14";
				CLANG_CXX_LIBRARY = "libc++";
				CLANG_ENABLE_MODULES = YES;
				CLANG_ENABLE_OBJC_ARC = YES;
				CLANG_ENABLE_OBJC_WEAK = YES;
				CLANG_WARN_BLOCK_CAPTURE_AUTORELEASING = YES;
				CLANG_WARN_BOOL_CONVERSION = YES;
				CLANG_WARN_COMMA = YES;
				CLANG_WARN_CONSTANT_CONVERSION = YES;
				CLANG_WARN_DEPRECATED_OBJC_IMPLEMENTATIONS = YES;
				CLANG_WARN_DIRECT_OBJC_ISA_USAGE = YES_ERROR;
				CLANG_WARN_DOCUMENTATION_COMMENTS = YES;
				CLANG_WARN_EMPTY_BODY = YES;
				CLANG_WARN_ENUM_CONVERSION = YES;
				CLANG_WARN_INFINITE_RECURSION = YES;
				CLANG_WARN_INT_CONVERSION = YES;
				CLANG_WARN_NON_LITERAL_NULL_CONVERSION = YES;
				CLANG_WARN_OBJC_IMPLICIT_RETAIN_SELF = YES;
				CLANG_WARN_OBJC_LITERAL_CONVERSION = YES;
				CLANG_WARN_OBJC_ROOT_CLASS = YES_ERROR;
				CLANG_WARN_RANGE_LOOP_ANALYSIS = YES;
				CLANG_WARN_STRICT_PROTOTYPES = YES;
				CLANG_WARN_SUSPICIOUS_MOVE = YES;
				CLANG_WARN_UNGUARDED_AVAILABILITY = YES_AGGRESSIVE;
				CLANG_WARN_UNREACHABLE_CODE = YES;
				CLANG_WARN__DUPLICATE_METHOD_MATCH = YES;
				CODE_SIGN_IDENTITY = "iPhone Developer";
				COPY_PHASE_STRIP = NO;
				DEBUG_INFORMATION_FORMAT = "dwarf-with-dsym";
				ENABLE_NS_ASSERTIONS = NO;
				ENABLE_STRICT_OBJC_MSGSEND = YES;
				GCC_C_LANGUAGE_STANDARD = gnu11;
				GCC_NO_COMMON_BLOCKS = YES;
				GCC_WARN_64_TO_32_BIT_CONVERSION = YES;
				GCC_WARN_ABOUT_RETURN_TYPE = YES_ERROR;
				GCC_WARN_UNDECLARED_SELECTOR = YES;
				GCC_WARN_UNINITIALIZED_AUTOS = YES_AGGRESSIVE;
				GCC_WARN_UNUSED_FUNCTION = YES;
				GCC_WARN_UNUSED_VARIABLE = YES;
				IPHONEOS_DEPLOYMENT_TARGET = 12.2;
				MTL_ENABLE_DEBUG_INFO = NO;
				MTL_FAST_MATH = YES;
				SDKROOT = iphoneos;
				SWIFT_COMPILATION_MODE = wholemodule;
				SWIFT_OPTIMIZATION_LEVEL = "-O";
				VALIDATE_PRODUCT = YES;
			};
			name = Release;
		};
		908E3A5B2587205C00AAFFFD /* Debug */ = {
			isa = XCBuildConfiguration;
			buildSettings = {
				ASSETCATALOG_COMPILER_APPICON_NAME = AppIcon;
				CODE_SIGN_STYLE = Automatic;
				DEVELOPMENT_TEAM = 79Y296AXYT;
				INFOPLIST_FILE = flixster/Info.plist;
				LD_RUNPATH_SEARCH_PATHS = (
					"$(inherited)",
					"@executable_path/Frameworks",
				);
				PRODUCT_BUNDLE_IDENTIFIER = com.calren.flixster;
				PRODUCT_NAME = "$(TARGET_NAME)";
				SWIFT_VERSION = 5.0;
				TARGETED_DEVICE_FAMILY = "1,2";
			};
			name = Debug;
		};
		908E3A5C2587205C00AAFFFD /* Release */ = {
			isa = XCBuildConfiguration;
			buildSettings = {
				ASSETCATALOG_COMPILER_APPICON_NAME = AppIcon;
				CODE_SIGN_STYLE = Automatic;
				DEVELOPMENT_TEAM = 79Y296AXYT;
				INFOPLIST_FILE = flixster/Info.plist;
				LD_RUNPATH_SEARCH_PATHS = (
					"$(inherited)",
					"@executable_path/Frameworks",
				);
				PRODUCT_BUNDLE_IDENTIFIER = com.calren.flixster;
				PRODUCT_NAME = "$(TARGET_NAME)";
				SWIFT_VERSION = 5.0;
				TARGETED_DEVICE_FAMILY = "1,2";
			};
			name = Release;
		};
		908E3A5E2587205C00AAFFFD /* Debug */ = {
			isa = XCBuildConfiguration;
			buildSettings = {
				ALWAYS_EMBED_SWIFT_STANDARD_LIBRARIES = YES;
				BUNDLE_LOADER = "$(TEST_HOST)";
				CODE_SIGN_STYLE = Automatic;
				DEVELOPMENT_TEAM = 79Y296AXYT;
				INFOPLIST_FILE = flixsterTests/Info.plist;
				LD_RUNPATH_SEARCH_PATHS = (
					"$(inherited)",
					"@executable_path/Frameworks",
					"@loader_path/Frameworks",
				);
				PRODUCT_BUNDLE_IDENTIFIER = com.calren.flixsterTests;
				PRODUCT_NAME = "$(TARGET_NAME)";
				SWIFT_VERSION = 5.0;
				TARGETED_DEVICE_FAMILY = "1,2";
				TEST_HOST = "$(BUILT_PRODUCTS_DIR)/flixster.app/flixster";
			};
			name = Debug;
		};
		908E3A5F2587205C00AAFFFD /* Release */ = {
			isa = XCBuildConfiguration;
			buildSettings = {
				ALWAYS_EMBED_SWIFT_STANDARD_LIBRARIES = YES;
				BUNDLE_LOADER = "$(TEST_HOST)";
				CODE_SIGN_STYLE = Automatic;
				DEVELOPMENT_TEAM = 79Y296AXYT;
				INFOPLIST_FILE = flixsterTests/Info.plist;
				LD_RUNPATH_SEARCH_PATHS = (
					"$(inherited)",
					"@executable_path/Frameworks",
					"@loader_path/Frameworks",
				);
				PRODUCT_BUNDLE_IDENTIFIER = com.calren.flixsterTests;
				PRODUCT_NAME = "$(TARGET_NAME)";
				SWIFT_VERSION = 5.0;
				TARGETED_DEVICE_FAMILY = "1,2";
				TEST_HOST = "$(BUILT_PRODUCTS_DIR)/flixster.app/flixster";
			};
			name = Release;
		};
		908E3A612587205C00AAFFFD /* Debug */ = {
			isa = XCBuildConfiguration;
			buildSettings = {
				ALWAYS_EMBED_SWIFT_STANDARD_LIBRARIES = YES;
				CODE_SIGN_STYLE = Automatic;
				DEVELOPMENT_TEAM = 79Y296AXYT;
				INFOPLIST_FILE = flixsterUITests/Info.plist;
				LD_RUNPATH_SEARCH_PATHS = (
					"$(inherited)",
					"@executable_path/Frameworks",
					"@loader_path/Frameworks",
				);
				PRODUCT_BUNDLE_IDENTIFIER = com.calren.flixsterUITests;
				PRODUCT_NAME = "$(TARGET_NAME)";
				SWIFT_VERSION = 5.0;
				TARGETED_DEVICE_FAMILY = "1,2";
				TEST_TARGET_NAME = flixster;
			};
			name = Debug;
		};
		908E3A622587205C00AAFFFD /* Release */ = {
			isa = XCBuildConfiguration;
			buildSettings = {
				ALWAYS_EMBED_SWIFT_STANDARD_LIBRARIES = YES;
				CODE_SIGN_STYLE = Automatic;
				DEVELOPMENT_TEAM = 79Y296AXYT;
				INFOPLIST_FILE = flixsterUITests/Info.plist;
				LD_RUNPATH_SEARCH_PATHS = (
					"$(inherited)",
					"@executable_path/Frameworks",
					"@loader_path/Frameworks",
				);
				PRODUCT_BUNDLE_IDENTIFIER = com.calren.flixsterUITests;
				PRODUCT_NAME = "$(TARGET_NAME)";
				SWIFT_VERSION = 5.0;
				TARGETED_DEVICE_FAMILY = "1,2";
				TEST_TARGET_NAME = flixster;
			};
			name = Release;
		};
/* End XCBuildConfiguration section */

/* Begin XCConfigurationList section */
		908E3A2D2587205A00AAFFFD /* Build configuration list for PBXProject "flixster" */ = {
			isa = XCConfigurationList;
			buildConfigurations = (
				908E3A582587205C00AAFFFD /* Debug */,
				908E3A592587205C00AAFFFD /* Release */,
			);
			defaultConfigurationIsVisible = 0;
			defaultConfigurationName = Release;
		};
		908E3A5A2587205C00AAFFFD /* Build configuration list for PBXNativeTarget "flixster" */ = {
			isa = XCConfigurationList;
			buildConfigurations = (
				908E3A5B2587205C00AAFFFD /* Debug */,
				908E3A5C2587205C00AAFFFD /* Release */,
			);
			defaultConfigurationIsVisible = 0;
			defaultConfigurationName = Release;
		};
		908E3A5D2587205C00AAFFFD /* Build configuration list for PBXNativeTarget "flixsterTests" */ = {
			isa = XCConfigurationList;
			buildConfigurations = (
				908E3A5E2587205C00AAFFFD /* Debug */,
				908E3A5F2587205C00AAFFFD /* Release */,
			);
			defaultConfigurationIsVisible = 0;
			defaultConfigurationName = Release;
		};
		908E3A602587205C00AAFFFD /* Build configuration list for PBXNativeTarget "flixsterUITests" */ = {
			isa = XCConfigurationList;
			buildConfigurations = (
				908E3A612587205C00AAFFFD /* Debug */,
				908E3A622587205C00AAFFFD /* Release */,
			);
			defaultConfigurationIsVisible = 0;
			defaultConfigurationName = Release;
		};
/* End XCConfigurationList section */
	};
	rootObject = 908E3A2A2587205A00AAFFFD /* Project object */;
}
